{
  "name": "im.toss.apps-in-toss-unity-sdk",
  "version": "0.0.1",
  "lockfileVersion": 3,
  "requires": true,
  "packages": {
    "": {
      "name": "im.toss.apps-in-toss-unity-sdk",
      "version": "0.0.1",
      "devDependencies": {
        "typescript": "^5.9.3"
      },
      "engines": {
        "unity": ">=2019.4"
      }
    },
    "node_modules/.pnpm/typescript@5.9.3": {
      "dev": true
    },
    "node_modules/.pnpm/typescript@5.9.3/node_modules/typescript": {
      "version": "5.9.3",
      "dev": true,
      "license": "Apache-2.0",
      "bin": {
        "tsc": "bin/tsc",
        "tsserver": "bin/tsserver"
      },
      "engines": {
        "node": ">=14.17"
      }
    },
    "node_modules/typescript": {
      "resolved": "node_modules/.pnpm/typescript@5.9.3/node_modules/typescript",
      "link": true
    }
  }
}
