{
  "name": "ait-png-recompress-runner",
  "version": "1.0.0",
  "lockfileVersion": 3,
  "requires": true,
  "packages": {
    "": {
      "name": "ait-png-recompress-runner",
      "version": "1.0.0",
      "dependencies": {
        "@jsquash/oxipng": "2.3.0"
      }
    },
    "node_modules/@jsquash/oxipng": {
      "version": "2.3.0",
      "resolved": "https://registry.npmjs.org/@jsquash/oxipng/-/oxipng-2.3.0.tgz",
      "integrity": "sha512-aQ8wiEp6ztlTMXc+RMt/CG8crU3mEHDU+h+JYkIi6ctMhlh8+Ltj5XwQFfBuyzKYrp8NxaFW80Dp824bqjr+zA==",
      "license": "Apache-2.0",
      "dependencies": {
        "wasm-feature-detect": "^1.2.11"
      }
    },
    "node_modules/wasm-feature-detect": {
      "version": "1.8.0",
      "resolved": "https://registry.npmjs.org/wasm-feature-detect/-/wasm-feature-detect-1.8.0.tgz",
      "integrity": "sha512-zksaLKM2fVlnB5jQQDqKXXwYHLQUVH9es+5TOOHwGOVJOCeRBCiPjwSg+3tN2AdTCzjgli4jijCH290kXb/zWQ==",
      "license": "Apache-2.0"
    }
  }
}
