{
  "name": "ait-audio-transcode-runner",
  "version": "1.0.0",
  "lockfileVersion": 3,
  "requires": true,
  "packages": {
    "": {
      "name": "ait-audio-transcode-runner",
      "version": "1.0.0",
      "dependencies": {
        "mpg123-decoder": "1.0.3",
        "wasm-media-encoders": "0.7.0"
      }
    },
    "node_modules/@eshaz/web-worker": {
      "version": "1.2.2",
      "resolved": "https://registry.npmjs.org/@eshaz/web-worker/-/web-worker-1.2.2.tgz",
      "integrity": "sha512-WxXiHFmD9u/owrzempiDlBB1ZYqiLnm9s6aPc8AlFQalq2tKmqdmMr9GXOupDgzXtqnBipj8Un0gkIm7Sjf8mw==",
      "license": "Apache-2.0"
    },
    "node_modules/@swc/helpers": {
      "version": "0.5.23",
      "resolved": "https://registry.npmjs.org/@swc/helpers/-/helpers-0.5.23.tgz",
      "integrity": "sha512-5lSsMOTXURePglDfvuAQUqkGek9Hg2kksOYay2m0+XR++b2NWYL/4sWyuvVBIs8oKnJaxkdi9whaL/sqN13afw==",
      "license": "Apache-2.0",
      "dependencies": {
        "tslib": "^2.8.0"
      }
    },
    "node_modules/@wasm-audio-decoders/common": {
      "version": "9.0.7",
      "resolved": "https://registry.npmjs.org/@wasm-audio-decoders/common/-/common-9.0.7.tgz",
      "integrity": "sha512-WRaUuWSKV7pkttBygml/a6dIEpatq2nnZGFIoPTc5yPLkxL6Wk4YaslPM98OPQvWacvNZ+Py9xROGDtrFBDzag==",
      "license": "MIT",
      "dependencies": {
        "@eshaz/web-worker": "1.2.2",
        "simple-yenc": "^1.0.4"
      }
    },
    "node_modules/mpg123-decoder": {
      "version": "1.0.3",
      "resolved": "https://registry.npmjs.org/mpg123-decoder/-/mpg123-decoder-1.0.3.tgz",
      "integrity": "sha512-+fjxnWigodWJm3+4pndi+KUg9TBojgn31DPk85zEsim7C6s0X5Ztc/hQYdytXkwuGXH+aB0/aEkG40Emukv6oQ==",
      "license": "MIT",
      "dependencies": {
        "@wasm-audio-decoders/common": "9.0.7"
      },
      "funding": {
        "type": "individual",
        "url": "https://github.com/sponsors/eshaz"
      }
    },
    "node_modules/simple-yenc": {
      "version": "1.0.4",
      "resolved": "https://registry.npmjs.org/simple-yenc/-/simple-yenc-1.0.4.tgz",
      "integrity": "sha512-5gvxpSd79e9a3V4QDYUqnqxeD4HGlhCakVpb6gMnDD7lexJggSBJRBO5h52y/iJrdXRilX9UCuDaIJhSWm5OWw==",
      "license": "MIT",
      "funding": {
        "type": "individual",
        "url": "https://github.com/sponsors/eshaz"
      }
    },
    "node_modules/tslib": {
      "version": "2.8.1",
      "resolved": "https://registry.npmjs.org/tslib/-/tslib-2.8.1.tgz",
      "integrity": "sha512-oJFu94HQb+KVduSUQL7wnpmqnfmLsOA/nAh6b6EH0wCEoK0/mPeXU6c3wKDV83MkOuHPRHtSXKKU99IBazS/2w==",
      "license": "0BSD"
    },
    "node_modules/wasm-media-encoders": {
      "version": "0.7.0",
      "resolved": "https://registry.npmjs.org/wasm-media-encoders/-/wasm-media-encoders-0.7.0.tgz",
      "integrity": "sha512-Sp4wUasgxOK/IFfNhpon6LQQgYGwtpxyV4isjGIe1rvhnJL3w2KYr4f+CdqDNtGPDcgCDRY+uBanVfSx6Si0WQ==",
      "license": "MIT",
      "dependencies": {
        "@swc/helpers": "^0.5.10"
      },
      "engines": {
        "node": ">= 10"
      }
    }
  }
}
